{
  "name": "aio_uniapp",
  "lockfileVersion": 2,
  "requires": true,
  "packages": {
    "": {
      "dependencies": {
        "ant-skeleton": "^0.0.6",
        "weapp-cookie": "^1.4.6"
      }
    },
    "node_modules/ant-skeleton": {
      "version": "0.0.6",
      "resolved": "https://registry.npmjs.org/ant-skeleton/-/ant-skeleton-0.0.6.tgz",
      "integrity": "sha512-yTl18MkpLPE8uNCAwv7wFv/Jw+P1cZIjYJScGNEsy1zwCeFmH/Pexi1tNCIAyHt3Q7VVcgudJ2H1YimITHuCsQ=="
    },
    "node_modules/set-cookie-parser": {
      "version": "2.4.8",
      "resolved": "https://registry.npmjs.org/set-cookie-parser/-/set-cookie-parser-2.4.8.tgz",
      "integrity": "sha512-edRH8mBKEWNVIVMKejNnuJxleqYE/ZSdcT8/Nem9/mmosx12pctd80s2Oy00KNZzrogMZS5mauK2/ymL1bvlvg=="
    },
    "node_modules/weapp-cookie": {
      "version": "1.4.6",
      "resolved": "https://registry.npmjs.org/weapp-cookie/-/weapp-cookie-1.4.6.tgz",
      "integrity": "sha512-2K4u6ADdpRMfoFeK8e6TYl2LoBjDuGwOD1jmUpFJT1kkdKPZagdroIReNg+4m5FGb6Hkh+EyqbY+2HqBdEDnQw==",
      "dependencies": {
        "set-cookie-parser": "^2.3.8"
      }
    }
  },
  "dependencies": {
    "ant-skeleton": {
      "version": "0.0.6",
      "resolved": "https://registry.npmjs.org/ant-skeleton/-/ant-skeleton-0.0.6.tgz",
      "integrity": "sha512-yTl18MkpLPE8uNCAwv7wFv/Jw+P1cZIjYJScGNEsy1zwCeFmH/Pexi1tNCIAyHt3Q7VVcgudJ2H1YimITHuCsQ=="
    },
    "set-cookie-parser": {
      "version": "2.4.8",
      "resolved": "https://registry.npmjs.org/set-cookie-parser/-/set-cookie-parser-2.4.8.tgz",
      "integrity": "sha512-edRH8mBKEWNVIVMKejNnuJxleqYE/ZSdcT8/Nem9/mmosx12pctd80s2Oy00KNZzrogMZS5mauK2/ymL1bvlvg=="
    },
    "weapp-cookie": {
      "version": "1.4.6",
      "resolved": "https://registry.npmjs.org/weapp-cookie/-/weapp-cookie-1.4.6.tgz",
      "integrity": "sha512-2K4u6ADdpRMfoFeK8e6TYl2LoBjDuGwOD1jmUpFJT1kkdKPZagdroIReNg+4m5FGb6Hkh+EyqbY+2HqBdEDnQw==",
      "requires": {
        "set-cookie-parser": "^2.3.8"
      }
    }
  }
}
